// !$*UTF8*$!
{
	archiveVersion = 1;
	classes = {
	};
	objectVersion = 60;
	objects = {

/* Begin PBXBuildFile section */
		AA000000000000000000001E /* CameraButBetterApp.swift in Sources */ = {isa = PBXBuildFile; fileRef = AA0000000000000000000014 /* CameraButBetterApp.swift */; };
		AA000000000000000000001F /* ContentView.swift in Sources */ = {isa = PBXBuildFile; fileRef = AA0000000000000000000015 /* ContentView.swift */; };
		AA0000000000000000000020 /* CameraManager.swift in Sources */ = {isa = PBXBuildFile; fileRef = AA0000000000000000000016 /* CameraManager.swift */; };
		AA0000000000000000000021 /* CameraPreviewView.swift in Sources */ = {isa = PBXBuildFile; fileRef = AA0000000000000000000017 /* CameraPreviewView.swift */; };
		AA0000000000000000000022 /* PhotoCaptureDelegate.swift in Sources */ = {isa = PBXBuildFile; fileRef = AA0000000000000000000018 /* PhotoCaptureDelegate.swift */; };
		AA0000000000000000000023 /* FrameOutputDelegate.swift in Sources */ = {isa = PBXBuildFile; fileRef = AA0000000000000000000019 /* FrameOutputDelegate.swift */; };
		AA0000000000000000000024 /* ControlsPanelView.swift in Sources */ = {isa = PBXBuildFile; fileRef = AA000000000000000000001A /* ControlsPanelView.swift */; };
		AA0000000000000000000025 /* ControlSliderView.swift in Sources */ = {isa = PBXBuildFile; fileRef = AA000000000000000000001B /* ControlSliderView.swift */; };
		AA0000000000000000000026 /* ControlsViewModel.swift in Sources */ = {isa = PBXBuildFile; fileRef = AA000000000000000000001C /* ControlsViewModel.swift */; };
		AA0000000000000000000027 /* Constants.swift in Sources */ = {isa = PBXBuildFile; fileRef = AA000000000000000000001D /* Constants.swift */; };
		AA000000000000000000002D /* SessionGalleryViewModel.swift in Sources */ = {isa = PBXBuildFile; fileRef = AA000000000000000000002A /* SessionGalleryViewModel.swift */; };
		AA000000000000000000002E /* SessionGalleryView.swift in Sources */ = {isa = PBXBuildFile; fileRef = AA000000000000000000002B /* SessionGalleryView.swift */; };
		AA000000000000000000002F /* PhotoDetailView.swift in Sources */ = {isa = PBXBuildFile; fileRef = AA000000000000000000002C /* PhotoDetailView.swift */; };
		AA0000000000000000000041 /* FeedbackModels.swift in Sources */ = {isa = PBXBuildFile; fileRef = AA0000000000000000000031 /* FeedbackModels.swift */; };
		AA0000000000000000000042 /* OpenRouterService.swift in Sources */ = {isa = PBXBuildFile; fileRef = AA0000000000000000000032 /* OpenRouterService.swift */; };
		AA0000000000000000000053 /* GeminiService.swift in Sources */ = {isa = PBXBuildFile; fileRef = AA0000000000000000000052 /* GeminiService.swift */; };
		AA0000000000000000000051 /* Config.swift in Sources */ = {isa = PBXBuildFile; fileRef = AA0000000000000000000050 /* Config.swift */; };
		AA0000000000000000000043 /* FeedbackScheduler.swift in Sources */ = {isa = PBXBuildFile; fileRef = AA0000000000000000000033 /* FeedbackScheduler.swift */; };
		AA0000000000000000000044 /* FeedbackViewModel.swift in Sources */ = {isa = PBXBuildFile; fileRef = AA0000000000000000000034 /* FeedbackViewModel.swift */; };
		AA0000000000000000000045 /* FeedbackOverlayView.swift in Sources */ = {isa = PBXBuildFile; fileRef = AA0000000000000000000035 /* FeedbackOverlayView.swift */; };
		AA0000000000000000000047 /* SettingsView.swift in Sources */ = {isa = PBXBuildFile; fileRef = AA0000000000000000000037 /* SettingsView.swift */; };
		AA0000000000000000000048 /* ImageConverter.swift in Sources */ = {isa = PBXBuildFile; fileRef = AA0000000000000000000038 /* ImageConverter.swift */; };
		AA0000000000000000000049 /* OverlaySettings.swift in Sources */ = {isa = PBXBuildFile; fileRef = AA000000000000000000004C /* OverlaySettings.swift */; };
		AA000000000000000000004A /* MotionManager.swift in Sources */ = {isa = PBXBuildFile; fileRef = AA000000000000000000004D /* MotionManager.swift */; };
		AA000000000000000000004B /* CameraOverlaysView.swift in Sources */ = {isa = PBXBuildFile; fileRef = AA000000000000000000004E /* CameraOverlaysView.swift */; };
/* End PBXBuildFile section */

/* Begin PBXFileReference section */
		AA0000000000000000000004 /* CameraButBetter.app */ = {isa = PBXFileReference; explicitFileType = wrapper.application; includeInIndex = 0; path = CameraButBetter.app; sourceTree = BUILT_PRODUCTS_DIR; };
		AA0000000000000000000013 /* Info.plist */ = {isa = PBXFileReference; lastKnownFileType = text.plist.xml; path = Info.plist; sourceTree = "<group>"; };
		AA0000000000000000000014 /* CameraButBetterApp.swift */ = {isa = PBXFileReference; lastKnownFileType = sourcecode.swift; path = CameraButBetterApp.swift; sourceTree = "<group>"; };
		AA0000000000000000000015 /* ContentView.swift */ = {isa = PBXFileReference; lastKnownFileType = sourcecode.swift; path = ContentView.swift; sourceTree = "<group>"; };
		AA0000000000000000000016 /* CameraManager.swift */ = {isa = PBXFileReference; lastKnownFileType = sourcecode.swift; path = CameraManager.swift; sourceTree = "<group>"; };
		AA0000000000000000000017 /* CameraPreviewView.swift */ = {isa = PBXFileReference; lastKnownFileType = sourcecode.swift; path = CameraPreviewView.swift; sourceTree = "<group>"; };
		AA0000000000000000000018 /* PhotoCaptureDelegate.swift */ = {isa = PBXFileReference; lastKnownFileType = sourcecode.swift; path = PhotoCaptureDelegate.swift; sourceTree = "<group>"; };
		AA0000000000000000000019 /* FrameOutputDelegate.swift */ = {isa = PBXFileReference; lastKnownFileType = sourcecode.swift; path = FrameOutputDelegate.swift; sourceTree = "<group>"; };
		AA000000000000000000001A /* ControlsPanelView.swift */ = {isa = PBXFileReference; lastKnownFileType = sourcecode.swift; path = ControlsPanelView.swift; sourceTree = "<group>"; };
		AA000000000000000000001B /* ControlSliderView.swift */ = {isa = PBXFileReference; lastKnownFileType = sourcecode.swift; path = ControlSliderView.swift; sourceTree = "<group>"; };
		AA000000000000000000001C /* ControlsViewModel.swift */ = {isa = PBXFileReference; lastKnownFileType = sourcecode.swift; path = ControlsViewModel.swift; sourceTree = "<group>"; };
		AA000000000000000000001D /* Constants.swift */ = {isa = PBXFileReference; lastKnownFileType = sourcecode.swift; path = Constants.swift; sourceTree = "<group>"; };
		AA000000000000000000002A /* SessionGalleryViewModel.swift */ = {isa = PBXFileReference; lastKnownFileType = sourcecode.swift; path = SessionGalleryViewModel.swift; sourceTree = "<group>"; };
		AA000000000000000000002B /* SessionGalleryView.swift */ = {isa = PBXFileReference; lastKnownFileType = sourcecode.swift; path = SessionGalleryView.swift; sourceTree = "<group>"; };
		AA000000000000000000002C /* PhotoDetailView.swift */ = {isa = PBXFileReference; lastKnownFileType = sourcecode.swift; path = PhotoDetailView.swift; sourceTree = "<group>"; };
		AA0000000000000000000031 /* FeedbackModels.swift */ = {isa = PBXFileReference; lastKnownFileType = sourcecode.swift; path = FeedbackModels.swift; sourceTree = "<group>"; };
		AA0000000000000000000032 /* OpenRouterService.swift */ = {isa = PBXFileReference; lastKnownFileType = sourcecode.swift; path = OpenRouterService.swift; sourceTree = "<group>"; };
		AA0000000000000000000052 /* GeminiService.swift */ = {isa = PBXFileReference; lastKnownFileType = sourcecode.swift; path = GeminiService.swift; sourceTree = "<group>"; };
		AA0000000000000000000050 /* Config.swift */ = {isa = PBXFileReference; lastKnownFileType = sourcecode.swift; path = Config.swift; sourceTree = "<group>"; };
		AA0000000000000000000033 /* FeedbackScheduler.swift */ = {isa = PBXFileReference; lastKnownFileType = sourcecode.swift; path = FeedbackScheduler.swift; sourceTree = "<group>"; };
		AA0000000000000000000034 /* FeedbackViewModel.swift */ = {isa = PBXFileReference; lastKnownFileType = sourcecode.swift; path = FeedbackViewModel.swift; sourceTree = "<group>"; };
		AA0000000000000000000035 /* FeedbackOverlayView.swift */ = {isa = PBXFileReference; lastKnownFileType = sourcecode.swift; path = FeedbackOverlayView.swift; sourceTree = "<group>"; };
		AA0000000000000000000037 /* SettingsView.swift */ = {isa = PBXFileReference; lastKnownFileType = sourcecode.swift; path = SettingsView.swift; sourceTree = "<group>"; };
		AA0000000000000000000038 /* ImageConverter.swift */ = {isa = PBXFileReference; lastKnownFileType = sourcecode.swift; path = ImageConverter.swift; sourceTree = "<group>"; };
		AA000000000000000000004C /* OverlaySettings.swift */ = {isa = PBXFileReference; lastKnownFileType = sourcecode.swift; path = OverlaySettings.swift; sourceTree = "<group>"; };
		AA000000000000000000004D /* MotionManager.swift */ = {isa = PBXFileReference; lastKnownFileType = sourcecode.swift; path = MotionManager.swift; sourceTree = "<group>"; };
		AA000000000000000000004E /* CameraOverlaysView.swift */ = {isa = PBXFileReference; lastKnownFileType = sourcecode.swift; path = CameraOverlaysView.swift; sourceTree = "<group>"; };
/* End PBXFileReference section */

/* Begin PBXFrameworksBuildPhase section */
		AA0000000000000000000008 /* Frameworks */ = {
			isa = PBXFrameworksBuildPhase;
			buildActionMask = 2147483647;
			files = (
			);
			runOnlyForDeploymentPostprocessing = 0;
		};
/* End PBXFrameworksBuildPhase section */

/* Begin PBXGroup section */
		AA0000000000000000000002 /* CameraButBetter */ = {
			isa = PBXGroup;
			children = (
				AA000000000000000000000F /* App */,
				AA0000000000000000000010 /* Camera */,
				AA0000000000000000000011 /* Controls */,
				AA0000000000000000000029 /* Gallery */,
				AA0000000000000000000039 /* AI */,
				AA000000000000000000003A /* Feedback */,
				AA000000000000000000003B /* Settings */,
				AA0000000000000000000012 /* Utilities */,
				AA0000000000000000000013 /* Info.plist */,
			);
			path = CameraButBetter;
			sourceTree = "<group>";
		};
		AA0000000000000000000039 /* AI */ = {
			isa = PBXGroup;
			children = (
				AA0000000000000000000031 /* FeedbackModels.swift */,
				AA0000000000000000000032 /* OpenRouterService.swift */,
				AA0000000000000000000052 /* GeminiService.swift */,
				AA0000000000000000000033 /* FeedbackScheduler.swift */,
			);
			path = AI;
			sourceTree = "<group>";
		};
		AA000000000000000000003A /* Feedback */ = {
			isa = PBXGroup;
			children = (
				AA0000000000000000000034 /* FeedbackViewModel.swift */,
				AA0000000000000000000035 /* FeedbackOverlayView.swift */,
			);
			path = Feedback;
			sourceTree = "<group>";
		};
		AA000000000000000000003B /* Settings */ = {
			isa = PBXGroup;
			children = (
				AA0000000000000000000037 /* SettingsView.swift */,
			);
			path = Settings;
			sourceTree = "<group>";
		};
		AA0000000000000000000029 /* Gallery */ = {
			isa = PBXGroup;
			children = (
				AA000000000000000000002A /* SessionGalleryViewModel.swift */,
				AA000000000000000000002B /* SessionGalleryView.swift */,
				AA000000000000000000002C /* PhotoDetailView.swift */,
			);
			path = Gallery;
			sourceTree = "<group>";
		};
		AA0000000000000000000003 /* Products */ = {
			isa = PBXGroup;
			children = (
				AA0000000000000000000004 /* CameraButBetter.app */,
			);
			name = Products;
			sourceTree = "<group>";
		};
		AA000000000000000000000F /* App */ = {
			isa = PBXGroup;
			children = (
				AA0000000000000000000014 /* CameraButBetterApp.swift */,
				AA0000000000000000000015 /* ContentView.swift */,
			);
			path = App;
			sourceTree = "<group>";
		};
		AA0000000000000000000010 /* Camera */ = {
			isa = PBXGroup;
			children = (
				AA0000000000000000000016 /* CameraManager.swift */,
				AA0000000000000000000017 /* CameraPreviewView.swift */,
				AA0000000000000000000018 /* PhotoCaptureDelegate.swift */,
				AA0000000000000000000019 /* FrameOutputDelegate.swift */,
				AA000000000000000000004D /* MotionManager.swift */,
				AA000000000000000000004E /* CameraOverlaysView.swift */,
			);
			path = Camera;
			sourceTree = "<group>";
		};
		AA0000000000000000000011 /* Controls */ = {
			isa = PBXGroup;
			children = (
				AA000000000000000000001A /* ControlsPanelView.swift */,
				AA000000000000000000001B /* ControlSliderView.swift */,
				AA000000000000000000001C /* ControlsViewModel.swift */,
			);
			path = Controls;
			sourceTree = "<group>";
		};
		AA0000000000000000000012 /* Utilities */ = {
			isa = PBXGroup;
			children = (
				AA000000000000000000001D /* Constants.swift */,
				AA0000000000000000000050 /* Config.swift */,
				AA0000000000000000000038 /* ImageConverter.swift */,
				AA000000000000000000004C /* OverlaySettings.swift */,
			);
			path = Utilities;
			sourceTree = "<group>";
		};
		AA0000000000000000000028 = {
			isa = PBXGroup;
			children = (
				AA0000000000000000000002 /* CameraButBetter */,
				AA0000000000000000000003 /* Products */,
			);
			sourceTree = "<group>";
		};
/* End PBXGroup section */

/* Begin PBXNativeTarget section */
		AA0000000000000000000005 /* CameraButBetter */ = {
			isa = PBXNativeTarget;
			buildConfigurationList = AA000000000000000000000A /* Build configuration list for PBXNativeTarget "CameraButBetter" */;
			buildPhases = (
				AA0000000000000000000006 /* Sources */,
				AA0000000000000000000007 /* Resources */,
				AA0000000000000000000008 /* Frameworks */,
			);
			buildRules = (
			);
			dependencies = (
			);
			name = CameraButBetter;
			productName = CameraButBetter;
			productReference = AA0000000000000000000004 /* CameraButBetter.app */;
			productType = "com.apple.product-type.application";
		};
/* End PBXNativeTarget section */

/* Begin PBXProject section */
		AA0000000000000000000001 /* Project object */ = {
			isa = PBXProject;
			attributes = {
				BuildIndependentTargetsInParallel = 1;
				LastSwiftUpdateCheck = 1600;
				LastUpgradeCheck = 1600;
				TargetAttributes = {
					AA0000000000000000000005 = {
						CreatedOnToolsVersion = 16.0;
					};
				};
			};
			buildConfigurationList = AA0000000000000000000009 /* Build configuration list for PBXProject "CameraButBetter" */;
			compatibilityVersion = "Xcode 15.0";
			developmentRegion = en;
			hasScannedForEncodings = 0;
			knownRegions = (
				en,
				Base,
			);
			mainGroup = AA0000000000000000000028;
			productRefGroup = AA0000000000000000000003 /* Products */;
			projectDirPath = "";
			projectRoot = "";
			targets = (
				AA0000000000000000000005 /* CameraButBetter */,
			);
		};
/* End PBXProject section */

/* Begin PBXResourcesBuildPhase section */
		AA0000000000000000000007 /* Resources */ = {
			isa = PBXResourcesBuildPhase;
			buildActionMask = 2147483647;
			files = (
			);
			runOnlyForDeploymentPostprocessing = 0;
		};
/* End PBXResourcesBuildPhase section */

/* Begin PBXSourcesBuildPhase section */
		AA0000000000000000000006 /* Sources */ = {
			isa = PBXSourcesBuildPhase;
			buildActionMask = 2147483647;
			files = (
				AA000000000000000000001E /* CameraButBetterApp.swift in Sources */,
				AA000000000000000000001F /* ContentView.swift in Sources */,
				AA0000000000000000000020 /* CameraManager.swift in Sources */,
				AA0000000000000000000021 /* CameraPreviewView.swift in Sources */,
				AA0000000000000000000022 /* PhotoCaptureDelegate.swift in Sources */,
				AA0000000000000000000023 /* FrameOutputDelegate.swift in Sources */,
				AA0000000000000000000024 /* ControlsPanelView.swift in Sources */,
				AA0000000000000000000025 /* ControlSliderView.swift in Sources */,
				AA0000000000000000000026 /* ControlsViewModel.swift in Sources */,
				AA0000000000000000000027 /* Constants.swift in Sources */,
				AA000000000000000000002D /* SessionGalleryViewModel.swift in Sources */,
				AA000000000000000000002E /* SessionGalleryView.swift in Sources */,
				AA000000000000000000002F /* PhotoDetailView.swift in Sources */,
				AA0000000000000000000041 /* FeedbackModels.swift in Sources */,
				AA0000000000000000000042 /* OpenRouterService.swift in Sources */,
				AA0000000000000000000053 /* GeminiService.swift in Sources */,
				AA0000000000000000000051 /* Config.swift in Sources */,
				AA0000000000000000000043 /* FeedbackScheduler.swift in Sources */,
				AA0000000000000000000044 /* FeedbackViewModel.swift in Sources */,
				AA0000000000000000000045 /* FeedbackOverlayView.swift in Sources */,
				AA0000000000000000000047 /* SettingsView.swift in Sources */,
				AA0000000000000000000048 /* ImageConverter.swift in Sources */,
				AA0000000000000000000049 /* OverlaySettings.swift in Sources */,
				AA000000000000000000004A /* MotionManager.swift in Sources */,
				AA000000000000000000004B /* CameraOverlaysView.swift in Sources */,
			);
			runOnlyForDeploymentPostprocessing = 0;
		};
/* End PBXSourcesBuildPhase section */

/* Begin XCBuildConfiguration section */
		AA000000000000000000000B /* Debug */ = {
			isa = XCBuildConfiguration;
			buildSettings = {
				ALWAYS_SEARCH_USER_PATHS = NO;
				CLANG_ANALYZER_NONNULL = YES;
				CLANG_ANALYZER_NUMBER_OBJECT_CONVERSION = YES_AGGRESSIVE;
				CLANG_CXX_LANGUAGE_STANDARD = "gnu++20";
				CLANG_ENABLE_MODULES = YES;
				CLANG_ENABLE_OBJC_ARC = YES;
				CLANG_ENABLE_OBJC_WEAK = YES;
				CLANG_WARN_BLOCK_CAPTURE_AUTORELEASING = YES;
				CLANG_WARN_BOOL_CONVERSION = YES;
				CLANG_WARN_COMMA = YES;
				CLANG_WARN_CONSTANT_CONVERSION = YES;
				CLANG_WARN_DEPRECATED_OBJC_IMPLEMENTATIONS = YES;
				CLANG_WARN_DIRECT_OBJC_ISA_USAGE = YES_ERROR;
				CLANG_WARN_DOCUMENTATION_COMMENTS = YES;
				CLANG_WARN_EMPTY_BODY = YES;
				CLANG_WARN_ENUM_CONVERSION = YES;
				CLANG_WARN_INFINITE_RECURSION = YES;
				CLANG_WARN_INT_CONVERSION = YES;
				CLANG_WARN_NON_LITERAL_NULL_CONVERSION = YES;
				CLANG_WARN_OBJC_IMPLICIT_RETAIN_CYCLES = YES;
				CLANG_WARN_OBJC_LITERAL_CONVERSION = YES;
				CLANG_WARN_OBJC_ROOT_CLASS = YES_ERROR;
				CLANG_WARN_QUOTED_INCLUDE_IN_FRAMEWORK_HEADER = YES;
				CLANG_WARN_RANGE_LOOP_ANALYSIS = YES;
				CLANG_WARN_STRICT_PROTOTYPES = YES;
				CLANG_WARN_SUSPICIOUS_MOVE = YES;
				CLANG_WARN_UNGUARDED_AVAILABILITY = YES_AGGRESSIVE;
				CLANG_WARN_UNREACHABLE_CODE = YES;
				CLANG_WARN__DUPLICATE_METHOD_MATCH = YES;
				COPY_PHASE_STRIP = NO;
				DEBUG_INFORMATION_FORMAT = dwarf;
				ENABLE_STRICT_OBJC_MSGSEND = YES;
				ENABLE_TESTABILITY = YES;
				ENABLE_USER_SCRIPT_SANDBOXING = YES;
				GCC_C_LANGUAGE_STANDARD = gnu17;
				GCC_DYNAMIC_NO_PIC = NO;
				GCC_NO_COMMON_BLOCKS = YES;
				GCC_OPTIMIZATION_LEVEL = 0;
				GCC_PREPROCESSOR_DEFINITIONS = (
					"DEBUG=1",
					"$(inherited)",
				);
				GCC_WARN_64_TO_32_BIT_CONVERSION = YES;
				GCC_WARN_ABOUT_RETURN_TYPE = YES_ERROR;
				GCC_WARN_UNDECLARED_SELECTOR = YES;
				GCC_WARN_UNINITIALIZED_AUTOS = YES_AGGRESSIVE;
				GCC_WARN_UNUSED_FUNCTION = YES;
				GCC_WARN_UNUSED_VARIABLE = YES;
				IPHONEOS_DEPLOYMENT_TARGET = 17.0;
				LOCALIZATION_PREFERS_STRING_CATALOGS = YES;
				MTL_ENABLE_DEBUG_INFO = INCLUDE_SOURCE;
				MTL_FAST_MATH = YES;
				ONLY_ACTIVE_ARCH = YES;
				SDKROOT = iphoneos;
				SWIFT_ACTIVE_COMPILATION_CONDITIONS = "DEBUG $(inherited)";
				SWIFT_OPTIMIZATION_LEVEL = "-Onone";
			};
			name = Debug;
		};
		AA000000000000000000000C /* Release */ = {
			isa = XCBuildConfiguration;
			buildSettings = {
				ALWAYS_SEARCH_USER_PATHS = NO;
				CLANG_ANALYZER_NONNULL = YES;
				CLANG_ANALYZER_NUMBER_OBJECT_CONVERSION = YES_AGGRESSIVE;
				CLANG_CXX_LANGUAGE_STANDARD = "gnu++20";
				CLANG_ENABLE_MODULES = YES;
				CLANG_ENABLE_OBJC_ARC = YES;
				CLANG_ENABLE_OBJC_WEAK = YES;
				CLANG_WARN_BLOCK_CAPTURE_AUTORELEASING = YES;
				CLANG_WARN_BOOL_CONVERSION = YES;
				CLANG_WARN_COMMA = YES;
				CLANG_WARN_CONSTANT_CONVERSION = YES;
				CLANG_WARN_DEPRECATED_OBJC_IMPLEMENTATIONS = YES;
				CLANG_WARN_DIRECT_OBJC_ISA_USAGE = YES_ERROR;
				CLANG_WARN_DOCUMENTATION_COMMENTS = YES;
				CLANG_WARN_EMPTY_BODY = YES;
				CLANG_WARN_ENUM_CONVERSION = YES;
				CLANG_WARN_INFINITE_RECURSION = YES;
				CLANG_WARN_INT_CONVERSION = YES;
				CLANG_WARN_NON_LITERAL_NULL_CONVERSION = YES;
				CLANG_WARN_OBJC_IMPLICIT_RETAIN_CYCLES = YES;
				CLANG_WARN_OBJC_LITERAL_CONVERSION = YES;
				CLANG_WARN_OBJC_ROOT_CLASS = YES_ERROR;
				CLANG_WARN_QUOTED_INCLUDE_IN_FRAMEWORK_HEADER = YES;
				CLANG_WARN_RANGE_LOOP_ANALYSIS = YES;
				CLANG_WARN_STRICT_PROTOTYPES = YES;
				CLANG_WARN_SUSPICIOUS_MOVE = YES;
				CLANG_WARN_UNGUARDED_AVAILABILITY = YES_AGGRESSIVE;
				CLANG_WARN_UNREACHABLE_CODE = YES;
				CLANG_WARN__DUPLICATE_METHOD_MATCH = YES;
				COPY_PHASE_STRIP = NO;
				DEBUG_INFORMATION_FORMAT = "dwarf-with-dsym";
				ENABLE_NS_ASSERTIONS = NO;
				ENABLE_STRICT_OBJC_MSGSEND = YES;
				ENABLE_USER_SCRIPT_SANDBOXING = YES;
				GCC_C_LANGUAGE_STANDARD = gnu17;
				GCC_NO_COMMON_BLOCKS = YES;
				GCC_WARN_64_TO_32_BIT_CONVERSION = YES;
				GCC_WARN_ABOUT_RETURN_TYPE = YES_ERROR;
				GCC_WARN_UNDECLARED_SELECTOR = YES;
				GCC_WARN_UNINITIALIZED_AUTOS = YES_AGGRESSIVE;
				GCC_WARN_UNUSED_FUNCTION = YES;
				GCC_WARN_UNUSED_VARIABLE = YES;
				IPHONEOS_DEPLOYMENT_TARGET = 17.0;
				LOCALIZATION_PREFERS_STRING_CATALOGS = YES;
				MTL_FAST_MATH = YES;
				SDKROOT = iphoneos;
				SWIFT_COMPILATION_MODE = wholemodule;
				VALIDATE_PRODUCT = YES;
			};
			name = Release;
		};
		AA000000000000000000000D /* Debug */ = {
			isa = XCBuildConfiguration;
			buildSettings = {
				CODE_SIGN_STYLE = Automatic;
				CURRENT_PROJECT_VERSION = 1;
				DEVELOPMENT_TEAM = Z5XC4N2DR2;
				GENERATE_INFOPLIST_FILE = NO;
				INFOPLIST_FILE = CameraButBetter/Info.plist;
				LD_RUNPATH_SEARCH_PATHS = (
					"$(inherited)",
					"@executable_path/Frameworks",
				);
				MARKETING_VERSION = 1.0;
				PRODUCT_BUNDLE_IDENTIFIER = com.alaramartin.CameraButBetter;
				PRODUCT_NAME = "$(TARGET_NAME)";
				SWIFT_EMIT_LOC_STRINGS = YES;
				SWIFT_VERSION = 5.0;
				TARGETED_DEVICE_FAMILY = 1;
			};
			name = Debug;
		};
		AA000000000000000000000E /* Release */ = {
			isa = XCBuildConfiguration;
			buildSettings = {
				CODE_SIGN_STYLE = Automatic;
				CURRENT_PROJECT_VERSION = 1;
				DEVELOPMENT_TEAM = Z5XC4N2DR2;
				GENERATE_INFOPLIST_FILE = NO;
				INFOPLIST_FILE = CameraButBetter/Info.plist;
				LD_RUNPATH_SEARCH_PATHS = (
					"$(inherited)",
					"@executable_path/Frameworks",
				);
				MARKETING_VERSION = 1.0;
				PRODUCT_BUNDLE_IDENTIFIER = com.alaramartin.CameraButBetter;
				PRODUCT_NAME = "$(TARGET_NAME)";
				SWIFT_EMIT_LOC_STRINGS = YES;
				SWIFT_VERSION = 5.0;
				TARGETED_DEVICE_FAMILY = 1;
			};
			name = Release;
		};
/* End XCBuildConfiguration section */

/* Begin XCConfigurationList section */
		AA0000000000000000000009 /* Build configuration list for PBXProject "CameraButBetter" */ = {
			isa = XCConfigurationList;
			buildConfigurations = (
				AA000000000000000000000B /* Debug */,
				AA000000000000000000000C /* Release */,
			);
			defaultConfigurationIsVisible = 0;
			defaultConfigurationName = Release;
		};
		AA000000000000000000000A /* Build configuration list for PBXNativeTarget "CameraButBetter" */ = {
			isa = XCConfigurationList;
			buildConfigurations = (
				AA000000000000000000000D /* Debug */,
				AA000000000000000000000E /* Release */,
			);
			defaultConfigurationIsVisible = 0;
			defaultConfigurationName = Release;
		};
/* End XCConfigurationList section */
	};
	rootObject = AA0000000000000000000001 /* Project object */;
}
